
Microsoft Visual Studio Solution File, Format Version 12.00
# Visual Studio 2017
Project("{FAE04EC0-301F-11D3-BF4B-00C04F79EFBC}") = "Letters", "Letters.csproj", "{4A121D4B-0054-6002-1811-BF001CEE8D73}"
EndProject
Global
	GlobalSection(SolutionConfigurationPlatforms) = preSolution
		Debug|Any CPU = Debug|Any CPU
		Release|Any CPU = Release|Any CPU
	EndGlobalSection
	GlobalSection(ProjectConfigurationPlatforms) = postSolution
		{4A121D4B-0054-6002-1811-BF001CEE8D73}.Debug|Any CPU.ActiveCfg = Debug|Any CPU
		{4A121D4B-0054-6002-1811-BF001CEE8D73}.Debug|Any CPU.Build.0 = Debug|Any CPU
		{4A121D4B-0054-6002-1811-BF001CEE8D73}.Release|Any CPU.ActiveCfg = Release|Any CPU
		{4A121D4B-0054-6002-1811-BF001CEE8D73}.Release|Any CPU.Build.0 = Release|Any CPU
	EndGlobalSection
	GlobalSection(SolutionProperties) = preSolution
		HideSolutionNode = FALSE
	EndGlobalSection
EndGlobal
